
Microsoft Visual Studio Solution File, Format Version 12.00
# Visual Studio Version 16
VisualStudioVersion = 16.0.31025.218
MinimumVisualStudioVersion = 10.0.40219.1
Project("{9A19103F-16F7-4668-BE54-9A1E7A4F7556}") = "InteropWin32Console", "InteropWin32Console\InteropWin32Console.csproj", "{C63FE3BA-AC2E-46C6-8522-23B97CAFDBF5}"
EndProject
Project("{9A19103F-16F7-4668-BE54-9A1E7A4F7556}") = "ConsumerWPF", "ConsumerWPF\ConsumerWPF.csproj", "{942D8B7F-4AD9-4E37-AF50-ECA5511D7C63}"
EndProject
Project("{9A19103F-16F7-4668-BE54-9A1E7A4F7556}") = "ConsumerConsoleNet3", "ConsumerConsoleNet3\ConsumerConsoleNet3.csproj", "{6C702BAB-0C99-4D31-9245-F7B003AC1DE1}"
EndProject
Project("{9A19103F-16F7-4668-BE54-9A1E7A4F7556}") = "ConsumerConsole", "ConsumerConsole\ConsumerConsole.csproj", "{D203C48F-A052-4B5B-98E4-7CC7716CF109}"
EndProject
Global
	GlobalSection(SolutionConfigurationPlatforms) = preSolution
		Debug|Any CPU = Debug|Any CPU
		Release|Any CPU = Release|Any CPU
	EndGlobalSection
	GlobalSection(ProjectConfigurationPlatforms) = postSolution
		{C63FE3BA-AC2E-46C6-8522-23B97CAFDBF5}.Debug|Any CPU.ActiveCfg = Debug|Any CPU
		{C63FE3BA-AC2E-46C6-8522-23B97CAFDBF5}.Debug|Any CPU.Build.0 = Debug|Any CPU
		{C63FE3BA-AC2E-46C6-8522-23B97CAFDBF5}.Release|Any CPU.ActiveCfg = Release|Any CPU
		{C63FE3BA-AC2E-46C6-8522-23B97CAFDBF5}.Release|Any CPU.Build.0 = Release|Any CPU
		{942D8B7F-4AD9-4E37-AF50-ECA5511D7C63}.Debug|Any CPU.ActiveCfg = Debug|Any CPU
		{942D8B7F-4AD9-4E37-AF50-ECA5511D7C63}.Debug|Any CPU.Build.0 = Debug|Any CPU
		{942D8B7F-4AD9-4E37-AF50-ECA5511D7C63}.Release|Any CPU.ActiveCfg = Release|Any CPU
		{942D8B7F-4AD9-4E37-AF50-ECA5511D7C63}.Release|Any CPU.Build.0 = Release|Any CPU
		{6C702BAB-0C99-4D31-9245-F7B003AC1DE1}.Debug|Any CPU.ActiveCfg = Debug|Any CPU
		{6C702BAB-0C99-4D31-9245-F7B003AC1DE1}.Debug|Any CPU.Build.0 = Debug|Any CPU
		{6C702BAB-0C99-4D31-9245-F7B003AC1DE1}.Release|Any CPU.ActiveCfg = Release|Any CPU
		{6C702BAB-0C99-4D31-9245-F7B003AC1DE1}.Release|Any CPU.Build.0 = Release|Any CPU
		{D203C48F-A052-4B5B-98E4-7CC7716CF109}.Debug|Any CPU.ActiveCfg = Debug|Any CPU
		{D203C48F-A052-4B5B-98E4-7CC7716CF109}.Debug|Any CPU.Build.0 = Debug|Any CPU
		{D203C48F-A052-4B5B-98E4-7CC7716CF109}.Release|Any CPU.ActiveCfg = Release|Any CPU
		{D203C48F-A052-4B5B-98E4-7CC7716CF109}.Release|Any CPU.Build.0 = Release|Any CPU
	EndGlobalSection
	GlobalSection(SolutionProperties) = preSolution
		HideSolutionNode = FALSE
	EndGlobalSection
	GlobalSection(ExtensibilityGlobals) = postSolution
		SolutionGuid = {42ED477A-907C-4001-A97C-4246ECA24722}
	EndGlobalSection
EndGlobal
