
Microsoft Visual Studio Solution File, Format Version 12.00
# Visual Studio Version 16
VisualStudioVersion = 16.0.31025.218
MinimumVisualStudioVersion = 10.0.40219.1
Project("{9A19103F-16F7-4668-BE54-9A1E7A4F7556}") = "InteropWin32Console", "InteropWin32Console\InteropWin32Console.csproj", "{A9F44233-B879-44BB-986E-74EC3DA4546F}"
EndProject
Project("{9A19103F-16F7-4668-BE54-9A1E7A4F7556}") = "CalcComponent", "NativeToManaged\CalcComponent\CalcComponent.csproj", "{57D2F0F3-D851-40EF-A33B-7014F4B63C12}"
EndProject
Project("{2150E333-8FDC-42A3-9474-1A3956D46DE8}") = "NativeToManaged", "NativeToManaged", "{EA0AE624-CAAA-4A96-8B33-EA812AEDCE5A}"
EndProject
Project("{8BC9CEB8-8B4A-11D0-8D11-00A0C91BC942}") = "CppClientConsole", "NativeToManaged\CppClientConsole\CppClientConsole.vcxproj", "{870DA0BC-186A-4A16-8DF3-3B2429B7471C}"
EndProject
Project("{FAE04EC0-301F-11D3-BF4B-00C04F79EFBC}") = "ChronoComponent", "NativeToManaged\ChronoComponent\ChronoComponent.csproj", "{49C6F24D-3B03-446B-ACB0-AE07FE3C3A68}"
EndProject
Project("{2150E333-8FDC-42A3-9474-1A3956D46DE8}") = "ManagedToNative", "ManagedToNative", "{14D041BD-B354-47C2-A04E-572CF6C8EEF3}"
EndProject
Global
	GlobalSection(SolutionConfigurationPlatforms) = preSolution
		Debug|Any CPU = Debug|Any CPU
		Debug|x64 = Debug|x64
		Debug|x86 = Debug|x86
		Release|Any CPU = Release|Any CPU
		Release|x64 = Release|x64
		Release|x86 = Release|x86
	EndGlobalSection
	GlobalSection(ProjectConfigurationPlatforms) = postSolution
		{A9F44233-B879-44BB-986E-74EC3DA4546F}.Debug|Any CPU.ActiveCfg = Debug|Any CPU
		{A9F44233-B879-44BB-986E-74EC3DA4546F}.Debug|Any CPU.Build.0 = Debug|Any CPU
		{A9F44233-B879-44BB-986E-74EC3DA4546F}.Debug|x64.ActiveCfg = Debug|Any CPU
		{A9F44233-B879-44BB-986E-74EC3DA4546F}.Debug|x64.Build.0 = Debug|Any CPU
		{A9F44233-B879-44BB-986E-74EC3DA4546F}.Debug|x86.ActiveCfg = Debug|Any CPU
		{A9F44233-B879-44BB-986E-74EC3DA4546F}.Debug|x86.Build.0 = Debug|Any CPU
		{A9F44233-B879-44BB-986E-74EC3DA4546F}.Release|Any CPU.ActiveCfg = Release|Any CPU
		{A9F44233-B879-44BB-986E-74EC3DA4546F}.Release|Any CPU.Build.0 = Release|Any CPU
		{A9F44233-B879-44BB-986E-74EC3DA4546F}.Release|x64.ActiveCfg = Release|Any CPU
		{A9F44233-B879-44BB-986E-74EC3DA4546F}.Release|x64.Build.0 = Release|Any CPU
		{A9F44233-B879-44BB-986E-74EC3DA4546F}.Release|x86.ActiveCfg = Release|Any CPU
		{A9F44233-B879-44BB-986E-74EC3DA4546F}.Release|x86.Build.0 = Release|Any CPU
		{57D2F0F3-D851-40EF-A33B-7014F4B63C12}.Debug|Any CPU.ActiveCfg = Debug|x64
		{57D2F0F3-D851-40EF-A33B-7014F4B63C12}.Debug|Any CPU.Build.0 = Debug|x64
		{57D2F0F3-D851-40EF-A33B-7014F4B63C12}.Debug|x64.ActiveCfg = Debug|x64
		{57D2F0F3-D851-40EF-A33B-7014F4B63C12}.Debug|x64.Build.0 = Debug|x64
		{57D2F0F3-D851-40EF-A33B-7014F4B63C12}.Debug|x86.ActiveCfg = Debug|Any CPU
		{57D2F0F3-D851-40EF-A33B-7014F4B63C12}.Debug|x86.Build.0 = Debug|Any CPU
		{57D2F0F3-D851-40EF-A33B-7014F4B63C12}.Release|Any CPU.ActiveCfg = Release|Any CPU
		{57D2F0F3-D851-40EF-A33B-7014F4B63C12}.Release|Any CPU.Build.0 = Release|Any CPU
		{57D2F0F3-D851-40EF-A33B-7014F4B63C12}.Release|x64.ActiveCfg = Release|x64
		{57D2F0F3-D851-40EF-A33B-7014F4B63C12}.Release|x64.Build.0 = Release|x64
		{57D2F0F3-D851-40EF-A33B-7014F4B63C12}.Release|x86.ActiveCfg = Release|Any CPU
		{57D2F0F3-D851-40EF-A33B-7014F4B63C12}.Release|x86.Build.0 = Release|Any CPU
		{870DA0BC-186A-4A16-8DF3-3B2429B7471C}.Debug|Any CPU.ActiveCfg = Debug|x64
		{870DA0BC-186A-4A16-8DF3-3B2429B7471C}.Debug|Any CPU.Build.0 = Debug|x64
		{870DA0BC-186A-4A16-8DF3-3B2429B7471C}.Debug|x64.ActiveCfg = Debug|x64
		{870DA0BC-186A-4A16-8DF3-3B2429B7471C}.Debug|x64.Build.0 = Debug|x64
		{870DA0BC-186A-4A16-8DF3-3B2429B7471C}.Debug|x86.ActiveCfg = Debug|Win32
		{870DA0BC-186A-4A16-8DF3-3B2429B7471C}.Debug|x86.Build.0 = Debug|Win32
		{870DA0BC-186A-4A16-8DF3-3B2429B7471C}.Release|Any CPU.ActiveCfg = Release|Win32
		{870DA0BC-186A-4A16-8DF3-3B2429B7471C}.Release|x64.ActiveCfg = Release|x64
		{870DA0BC-186A-4A16-8DF3-3B2429B7471C}.Release|x64.Build.0 = Release|x64
		{870DA0BC-186A-4A16-8DF3-3B2429B7471C}.Release|x86.ActiveCfg = Release|Win32
		{870DA0BC-186A-4A16-8DF3-3B2429B7471C}.Release|x86.Build.0 = Release|Win32
		{49C6F24D-3B03-446B-ACB0-AE07FE3C3A68}.Debug|Any CPU.ActiveCfg = Debug|Any CPU
		{49C6F24D-3B03-446B-ACB0-AE07FE3C3A68}.Debug|Any CPU.Build.0 = Debug|Any CPU
		{49C6F24D-3B03-446B-ACB0-AE07FE3C3A68}.Debug|x64.ActiveCfg = Debug|x64
		{49C6F24D-3B03-446B-ACB0-AE07FE3C3A68}.Debug|x64.Build.0 = Debug|x64
		{49C6F24D-3B03-446B-ACB0-AE07FE3C3A68}.Debug|x86.ActiveCfg = Debug|Any CPU
		{49C6F24D-3B03-446B-ACB0-AE07FE3C3A68}.Debug|x86.Build.0 = Debug|Any CPU
		{49C6F24D-3B03-446B-ACB0-AE07FE3C3A68}.Release|Any CPU.ActiveCfg = Release|Any CPU
		{49C6F24D-3B03-446B-ACB0-AE07FE3C3A68}.Release|Any CPU.Build.0 = Release|Any CPU
		{49C6F24D-3B03-446B-ACB0-AE07FE3C3A68}.Release|x64.ActiveCfg = Release|Any CPU
		{49C6F24D-3B03-446B-ACB0-AE07FE3C3A68}.Release|x64.Build.0 = Release|Any CPU
		{49C6F24D-3B03-446B-ACB0-AE07FE3C3A68}.Release|x86.ActiveCfg = Release|Any CPU
		{49C6F24D-3B03-446B-ACB0-AE07FE3C3A68}.Release|x86.Build.0 = Release|Any CPU
	EndGlobalSection
	GlobalSection(SolutionProperties) = preSolution
		HideSolutionNode = FALSE
	EndGlobalSection
	GlobalSection(NestedProjects) = preSolution
		{57D2F0F3-D851-40EF-A33B-7014F4B63C12} = {EA0AE624-CAAA-4A96-8B33-EA812AEDCE5A}
		{870DA0BC-186A-4A16-8DF3-3B2429B7471C} = {EA0AE624-CAAA-4A96-8B33-EA812AEDCE5A}
		{49C6F24D-3B03-446B-ACB0-AE07FE3C3A68} = {EA0AE624-CAAA-4A96-8B33-EA812AEDCE5A}
	EndGlobalSection
	GlobalSection(ExtensibilityGlobals) = postSolution
		SolutionGuid = {B512E445-D9A0-4CB6-BB6E-C8249F9C344D}
	EndGlobalSection
EndGlobal
